
Microsoft Visual Studio Solution File, Format Version 12.00
# Visual Studio 2012
Project("{FAE04EC0-301F-11D3-BF4B-00C04F79EFBC}") = "AlphanumericVersion", "src\AlphanumericVersion\AlphanumericVersion.csproj", "{FEB25B6D-0A67-4AA2-A783-83C7BC279612}"
EndProject
Project("{FAE04EC0-301F-11D3-BF4B-00C04F79EFBC}") = "AlphanumericVersion.UnitTests", "src\AlphanumericVersion\UnitTests\AlphanumericVersion.UnitTests.csproj", "{7C9BADCA-E7BB-4625-8844-7B8A90F04606}"
EndProject
Global
	GlobalSection(SolutionConfigurationPlatforms) = preSolution
		Debug|Any CPU = Debug|Any CPU
		Release|Any CPU = Release|Any CPU
	EndGlobalSection
	GlobalSection(ProjectConfigurationPlatforms) = postSolution
		{FEB25B6D-0A67-4AA2-A783-83C7BC279612}.Debug|Any CPU.ActiveCfg = Debug|Any CPU
		{FEB25B6D-0A67-4AA2-A783-83C7BC279612}.Debug|Any CPU.Build.0 = Debug|Any CPU
		{FEB25B6D-0A67-4AA2-A783-83C7BC279612}.Release|Any CPU.ActiveCfg = Release|Any CPU
		{FEB25B6D-0A67-4AA2-A783-83C7BC279612}.Release|Any CPU.Build.0 = Release|Any CPU
		{7C9BADCA-E7BB-4625-8844-7B8A90F04606}.Debug|Any CPU.ActiveCfg = Debug|Any CPU
		{7C9BADCA-E7BB-4625-8844-7B8A90F04606}.Debug|Any CPU.Build.0 = Debug|Any CPU
		{7C9BADCA-E7BB-4625-8844-7B8A90F04606}.Release|Any CPU.ActiveCfg = Release|Any CPU
		{7C9BADCA-E7BB-4625-8844-7B8A90F04606}.Release|Any CPU.Build.0 = Release|Any CPU
	EndGlobalSection
	GlobalSection(SolutionProperties) = preSolution
		HideSolutionNode = FALSE
	EndGlobalSection
EndGlobal
